// !$*UTF8*$!
{
	archiveVersion = 1;
	classes = {
	};
	objectVersion = 77;
	objects = {

/* Begin PBXBuildFile section */
		6956D6002CC03E100040FE17 /* fetchApp.swift in Sources */ = {isa = PBXBuildFile; fileRef = 6956D5FD2CC03E100040FE17 /* fetchApp.swift */; };
		6956D6012CC03E100040FE17 /* Preview Assets.xcassets in Resources */ = {isa = PBXBuildFile; fileRef = 6956D5F82CC03E100040FE17 /* Preview Assets.xcassets */; };
		6956D6022CC03E100040FE17 /* Assets.xcassets in Resources */ = {isa = PBXBuildFile; fileRef = 6956D5FA2CC03E100040FE17 /* Assets.xcassets */; };
		6956D6052CC03E150040FE17 /* fetchTests.swift in Sources */ = {isa = PBXBuildFile; fileRef = 6956D6032CC03E150040FE17 /* fetchTests.swift */; };
		6956D6182CC040D20040FE17 /* LoadingAnimation.swift in Sources */ = {isa = PBXBuildFile; fileRef = 6956D6102CC040D20040FE17 /* LoadingAnimation.swift */; };
		6956D6192CC040D20040FE17 /* View+Background.swift in Sources */ = {isa = PBXBuildFile; fileRef = 6956D6062CC040D20040FE17 /* View+Background.swift */; };
		6956D61A2CC040D20040FE17 /* fColor.swift in Sources */ = {isa = PBXBuildFile; fileRef = 6956D6092CC040D20040FE17 /* fColor.swift */; };
		6956D61B2CC040D20040FE17 /* Typography.swift in Sources */ = {isa = PBXBuildFile; fileRef = 6956D6142CC040D20040FE17 /* Typography.swift */; };
		6956D61C2CC040D20040FE17 /* Elevation+SwiftUI.swift in Sources */ = {isa = PBXBuildFile; fileRef = 6956D60B2CC040D20040FE17 /* Elevation+SwiftUI.swift */; };
		6956D61D2CC040D20040FE17 /* Illustration.swift in Sources */ = {isa = PBXBuildFile; fileRef = 6956D60D2CC040D20040FE17 /* Illustration.swift */; };
		6956D61E2CC040D20040FE17 /* Spacing.swift in Sources */ = {isa = PBXBuildFile; fileRef = 6956D6122CC040D20040FE17 /* Spacing.swift */; };
		6956D61F2CC040D20040FE17 /* Typography+SwiftUI.swift in Sources */ = {isa = PBXBuildFile; fileRef = 6956D6152CC040D20040FE17 /* Typography+SwiftUI.swift */; };
		6956D6202CC040D20040FE17 /* SwiftUI+IconLibrary.swift in Sources */ = {isa = PBXBuildFile; fileRef = 6956D60E2CC040D20040FE17 /* SwiftUI+IconLibrary.swift */; };
		6956D6212CC040D20040FE17 /* Color+Extension.swift in Sources */ = {isa = PBXBuildFile; fileRef = 6956D6082CC040D20040FE17 /* Color+Extension.swift */; };
		6956D6242CC041020040FE17 /* String+Extensions.swift in Sources */ = {isa = PBXBuildFile; fileRef = 6956D6222CC041020040FE17 /* String+Extensions.swift */; };
		6956D6272CC0413E0040FE17 /* InitialSetupView.swift in Sources */ = {isa = PBXBuildFile; fileRef = 6956D6262CC0413E0040FE17 /* InitialSetupView.swift */; };
		6956D62A2CC042420040FE17 /* AppLaunchView.swift in Sources */ = {isa = PBXBuildFile; fileRef = 6956D6292CC042420040FE17 /* AppLaunchView.swift */; };
/* End PBXBuildFile section */

/* Begin PBXContainerItemProxy section */
		6956D5DC2CC03DE40040FE17 /* PBXContainerItemProxy */ = {
			isa = PBXContainerItemProxy;
			containerPortal = 6956D5C22CC03DE30040FE17 /* Project object */;
			proxyType = 1;
			remoteGlobalIDString = 6956D5C92CC03DE30040FE17;
			remoteInfo = fetch;
		};
/* End PBXContainerItemProxy section */

/* Begin PBXFileReference section */
		6956D5CA2CC03DE30040FE17 /* fetch.app */ = {isa = PBXFileReference; explicitFileType = wrapper.application; includeInIndex = 0; path = fetch.app; sourceTree = BUILT_PRODUCTS_DIR; };
		6956D5DB2CC03DE40040FE17 /* fetchTests.xctest */ = {isa = PBXFileReference; explicitFileType = wrapper.cfbundle; includeInIndex = 0; path = fetchTests.xctest; sourceTree = BUILT_PRODUCTS_DIR; };
		6956D5F82CC03E100040FE17 /* Preview Assets.xcassets */ = {isa = PBXFileReference; lastKnownFileType = folder.assetcatalog; path = "Preview Assets.xcassets"; sourceTree = "<group>"; };
		6956D5FA2CC03E100040FE17 /* Assets.xcassets */ = {isa = PBXFileReference; lastKnownFileType = folder.assetcatalog; path = Assets.xcassets; sourceTree = "<group>"; };
		6956D5FC2CC03E100040FE17 /* fetch.entitlements */ = {isa = PBXFileReference; lastKnownFileType = text.plist.entitlements; path = fetch.entitlements; sourceTree = "<group>"; };
		6956D5FD2CC03E100040FE17 /* fetchApp.swift */ = {isa = PBXFileReference; lastKnownFileType = sourcecode.swift; path = fetchApp.swift; sourceTree = "<group>"; };
		6956D6032CC03E150040FE17 /* fetchTests.swift */ = {isa = PBXFileReference; lastKnownFileType = sourcecode.swift; path = fetchTests.swift; sourceTree = "<group>"; };
		6956D6062CC040D20040FE17 /* View+Background.swift */ = {isa = PBXFileReference; lastKnownFileType = sourcecode.swift; path = "View+Background.swift"; sourceTree = "<group>"; };
		6956D6082CC040D20040FE17 /* Color+Extension.swift */ = {isa = PBXFileReference; lastKnownFileType = sourcecode.swift; path = "Color+Extension.swift"; sourceTree = "<group>"; };
		6956D6092CC040D20040FE17 /* fColor.swift */ = {isa = PBXFileReference; lastKnownFileType = sourcecode.swift; path = fColor.swift; sourceTree = "<group>"; };
		6956D60B2CC040D20040FE17 /* Elevation+SwiftUI.swift */ = {isa = PBXFileReference; lastKnownFileType = sourcecode.swift; path = "Elevation+SwiftUI.swift"; sourceTree = "<group>"; };
		6956D60D2CC040D20040FE17 /* Illustration.swift */ = {isa = PBXFileReference; lastKnownFileType = sourcecode.swift; path = Illustration.swift; sourceTree = "<group>"; };
		6956D60E2CC040D20040FE17 /* SwiftUI+IconLibrary.swift */ = {isa = PBXFileReference; lastKnownFileType = sourcecode.swift; path = "SwiftUI+IconLibrary.swift"; sourceTree = "<group>"; };
		6956D6102CC040D20040FE17 /* LoadingAnimation.swift */ = {isa = PBXFileReference; lastKnownFileType = sourcecode.swift; path = LoadingAnimation.swift; sourceTree = "<group>"; };
		6956D6122CC040D20040FE17 /* Spacing.swift */ = {isa = PBXFileReference; lastKnownFileType = sourcecode.swift; path = Spacing.swift; sourceTree = "<group>"; };
		6956D6142CC040D20040FE17 /* Typography.swift */ = {isa = PBXFileReference; lastKnownFileType = sourcecode.swift; path = Typography.swift; sourceTree = "<group>"; };
		6956D6152CC040D20040FE17 /* Typography+SwiftUI.swift */ = {isa = PBXFileReference; lastKnownFileType = sourcecode.swift; path = "Typography+SwiftUI.swift"; sourceTree = "<group>"; };
		6956D6222CC041020040FE17 /* String+Extensions.swift */ = {isa = PBXFileReference; lastKnownFileType = sourcecode.swift; path = "String+Extensions.swift"; sourceTree = "<group>"; };
		6956D6262CC0413E0040FE17 /* InitialSetupView.swift */ = {isa = PBXFileReference; lastKnownFileType = sourcecode.swift; path = InitialSetupView.swift; sourceTree = "<group>"; };
		6956D6292CC042420040FE17 /* AppLaunchView.swift */ = {isa = PBXFileReference; lastKnownFileType = sourcecode.swift; path = AppLaunchView.swift; sourceTree = "<group>"; };
/* End PBXFileReference section */

/* Begin PBXFrameworksBuildPhase section */
		6956D5C72CC03DE30040FE17 /* Frameworks */ = {
			isa = PBXFrameworksBuildPhase;
			buildActionMask = 2147483647;
			files = (
			);
			runOnlyForDeploymentPostprocessing = 0;
		};
		6956D5D82CC03DE40040FE17 /* Frameworks */ = {
			isa = PBXFrameworksBuildPhase;
			buildActionMask = 2147483647;
			files = (
			);
			runOnlyForDeploymentPostprocessing = 0;
		};
/* End PBXFrameworksBuildPhase section */

/* Begin PBXGroup section */
		6956D5C12CC03DE30040FE17 = {
			isa = PBXGroup;
			children = (
				6956D5FE2CC03E100040FE17 /* fetch */,
				6956D6042CC03E150040FE17 /* fetchTests */,
				6956D5CB2CC03DE30040FE17 /* Products */,
			);
			sourceTree = "<group>";
		};
		6956D5CB2CC03DE30040FE17 /* Products */ = {
			isa = PBXGroup;
			children = (
				6956D5CA2CC03DE30040FE17 /* fetch.app */,
				6956D5DB2CC03DE40040FE17 /* fetchTests.xctest */,
			);
			name = Products;
			sourceTree = "<group>";
		};
		6956D5F92CC03E100040FE17 /* Preview Content */ = {
			isa = PBXGroup;
			children = (
				6956D5F82CC03E100040FE17 /* Preview Assets.xcassets */,
			);
			path = "Preview Content";
			sourceTree = "<group>";
		};
		6956D5FE2CC03E100040FE17 /* fetch */ = {
			isa = PBXGroup;
			children = (
				6956D5FD2CC03E100040FE17 /* fetchApp.swift */,
				6956D6262CC0413E0040FE17 /* InitialSetupView.swift */,
				6956D6252CC041160040FE17 /* Screens */,
				6956D6232CC041020040FE17 /* Utils */,
				6956D6172CC040D20040FE17 /* DesignSystem */,
				6956D5FC2CC03E100040FE17 /* fetch.entitlements */,
				6956D5F92CC03E100040FE17 /* Preview Content */,
				6956D5FA2CC03E100040FE17 /* Assets.xcassets */,
			);
			path = fetch;
			sourceTree = "<group>";
		};
		6956D6042CC03E150040FE17 /* fetchTests */ = {
			isa = PBXGroup;
			children = (
				6956D6032CC03E150040FE17 /* fetchTests.swift */,
			);
			path = fetchTests;
			sourceTree = "<group>";
		};
		6956D6072CC040D20040FE17 /* Appearance */ = {
			isa = PBXGroup;
			children = (
				6956D6062CC040D20040FE17 /* View+Background.swift */,
			);
			path = Appearance;
			sourceTree = "<group>";
		};
		6956D60A2CC040D20040FE17 /* Color */ = {
			isa = PBXGroup;
			children = (
				6956D6082CC040D20040FE17 /* Color+Extension.swift */,
				6956D6092CC040D20040FE17 /* fColor.swift */,
			);
			path = Color;
			sourceTree = "<group>";
		};
		6956D60C2CC040D20040FE17 /* Effects */ = {
			isa = PBXGroup;
			children = (
				6956D60B2CC040D20040FE17 /* Elevation+SwiftUI.swift */,
			);
			path = Effects;
			sourceTree = "<group>";
		};
		6956D60F2CC040D20040FE17 /* IconLibrary */ = {
			isa = PBXGroup;
			children = (
				6956D60D2CC040D20040FE17 /* Illustration.swift */,
				6956D60E2CC040D20040FE17 /* SwiftUI+IconLibrary.swift */,
			);
			path = IconLibrary;
			sourceTree = "<group>";
		};
		6956D6112CC040D20040FE17 /* LoadingIndicator */ = {
			isa = PBXGroup;
			children = (
				6956D6102CC040D20040FE17 /* LoadingAnimation.swift */,
			);
			path = LoadingIndicator;
			sourceTree = "<group>";
		};
		6956D6132CC040D20040FE17 /* Spacing */ = {
			isa = PBXGroup;
			children = (
				6956D6122CC040D20040FE17 /* Spacing.swift */,
			);
			path = Spacing;
			sourceTree = "<group>";
		};
		6956D6162CC040D20040FE17 /* Typography */ = {
			isa = PBXGroup;
			children = (
				6956D6142CC040D20040FE17 /* Typography.swift */,
				6956D6152CC040D20040FE17 /* Typography+SwiftUI.swift */,
			);
			path = Typography;
			sourceTree = "<group>";
		};
		6956D6172CC040D20040FE17 /* DesignSystem */ = {
			isa = PBXGroup;
			children = (
				6956D6072CC040D20040FE17 /* Appearance */,
				6956D60A2CC040D20040FE17 /* Color */,
				6956D60C2CC040D20040FE17 /* Effects */,
				6956D60F2CC040D20040FE17 /* IconLibrary */,
				6956D6112CC040D20040FE17 /* LoadingIndicator */,
				6956D6132CC040D20040FE17 /* Spacing */,
				6956D6162CC040D20040FE17 /* Typography */,
			);
			path = DesignSystem;
			sourceTree = "<group>";
		};
		6956D6232CC041020040FE17 /* Utils */ = {
			isa = PBXGroup;
			children = (
				6956D6222CC041020040FE17 /* String+Extensions.swift */,
			);
			path = Utils;
			sourceTree = "<group>";
		};
		6956D6252CC041160040FE17 /* Screens */ = {
			isa = PBXGroup;
			children = (
				6956D6282CC041DB0040FE17 /* AppLaunch */,
			);
			path = Screens;
			sourceTree = "<group>";
		};
		6956D6282CC041DB0040FE17 /* AppLaunch */ = {
			isa = PBXGroup;
			children = (
				6956D6292CC042420040FE17 /* AppLaunchView.swift */,
			);
			path = AppLaunch;
			sourceTree = "<group>";
		};
/* End PBXGroup section */

/* Begin PBXNativeTarget section */
		6956D5C92CC03DE30040FE17 /* fetch */ = {
			isa = PBXNativeTarget;
			buildConfigurationList = 6956D5EF2CC03DE40040FE17 /* Build configuration list for PBXNativeTarget "fetch" */;
			buildPhases = (
				6956D5C62CC03DE30040FE17 /* Sources */,
				6956D5C72CC03DE30040FE17 /* Frameworks */,
				6956D5C82CC03DE30040FE17 /* Resources */,
			);
			buildRules = (
			);
			dependencies = (
			);
			name = fetch;
			packageProductDependencies = (
			);
			productName = fetch;
			productReference = 6956D5CA2CC03DE30040FE17 /* fetch.app */;
			productType = "com.apple.product-type.application";
		};
		6956D5DA2CC03DE40040FE17 /* fetchTests */ = {
			isa = PBXNativeTarget;
			buildConfigurationList = 6956D5F22CC03DE40040FE17 /* Build configuration list for PBXNativeTarget "fetchTests" */;
			buildPhases = (
				6956D5D72CC03DE40040FE17 /* Sources */,
				6956D5D82CC03DE40040FE17 /* Frameworks */,
				6956D5D92CC03DE40040FE17 /* Resources */,
			);
			buildRules = (
			);
			dependencies = (
				6956D5DD2CC03DE40040FE17 /* PBXTargetDependency */,
			);
			name = fetchTests;
			packageProductDependencies = (
			);
			productName = fetchTests;
			productReference = 6956D5DB2CC03DE40040FE17 /* fetchTests.xctest */;
			productType = "com.apple.product-type.bundle.unit-test";
		};
/* End PBXNativeTarget section */

/* Begin PBXProject section */
		6956D5C22CC03DE30040FE17 /* Project object */ = {
			isa = PBXProject;
			attributes = {
				BuildIndependentTargetsInParallel = 1;
				LastSwiftUpdateCheck = 1600;
				LastUpgradeCheck = 1600;
				TargetAttributes = {
					6956D5C92CC03DE30040FE17 = {
						CreatedOnToolsVersion = 16.0;
					};
					6956D5DA2CC03DE40040FE17 = {
						CreatedOnToolsVersion = 16.0;
						TestTargetID = 6956D5C92CC03DE30040FE17;
					};
				};
			};
			buildConfigurationList = 6956D5C52CC03DE30040FE17 /* Build configuration list for PBXProject "fetch" */;
			developmentRegion = en;
			hasScannedForEncodings = 0;
			knownRegions = (
				en,
				Base,
			);
			mainGroup = 6956D5C12CC03DE30040FE17;
			minimizedProjectReferenceProxies = 1;
			preferredProjectObjectVersion = 77;
			productRefGroup = 6956D5CB2CC03DE30040FE17 /* Products */;
			projectDirPath = "";
			projectRoot = "";
			targets = (
				6956D5C92CC03DE30040FE17 /* fetch */,
				6956D5DA2CC03DE40040FE17 /* fetchTests */,
			);
		};
/* End PBXProject section */

/* Begin PBXResourcesBuildPhase section */
		6956D5C82CC03DE30040FE17 /* Resources */ = {
			isa = PBXResourcesBuildPhase;
			buildActionMask = 2147483647;
			files = (
				6956D6012CC03E100040FE17 /* Preview Assets.xcassets in Resources */,
				6956D6022CC03E100040FE17 /* Assets.xcassets in Resources */,
			);
			runOnlyForDeploymentPostprocessing = 0;
		};
		6956D5D92CC03DE40040FE17 /* Resources */ = {
			isa = PBXResourcesBuildPhase;
			buildActionMask = 2147483647;
			files = (
			);
			runOnlyForDeploymentPostprocessing = 0;
		};
/* End PBXResourcesBuildPhase section */

/* Begin PBXSourcesBuildPhase section */
		6956D5C62CC03DE30040FE17 /* Sources */ = {
			isa = PBXSourcesBuildPhase;
			buildActionMask = 2147483647;
			files = (
				6956D6242CC041020040FE17 /* String+Extensions.swift in Sources */,
				6956D6002CC03E100040FE17 /* fetchApp.swift in Sources */,
				6956D6182CC040D20040FE17 /* LoadingAnimation.swift in Sources */,
				6956D6192CC040D20040FE17 /* View+Background.swift in Sources */,
				6956D61A2CC040D20040FE17 /* fColor.swift in Sources */,
				6956D61B2CC040D20040FE17 /* Typography.swift in Sources */,
				6956D6272CC0413E0040FE17 /* InitialSetupView.swift in Sources */,
				6956D62A2CC042420040FE17 /* AppLaunchView.swift in Sources */,
				6956D61C2CC040D20040FE17 /* Elevation+SwiftUI.swift in Sources */,
				6956D61D2CC040D20040FE17 /* Illustration.swift in Sources */,
				6956D61E2CC040D20040FE17 /* Spacing.swift in Sources */,
				6956D61F2CC040D20040FE17 /* Typography+SwiftUI.swift in Sources */,
				6956D6202CC040D20040FE17 /* SwiftUI+IconLibrary.swift in Sources */,
				6956D6212CC040D20040FE17 /* Color+Extension.swift in Sources */,
			);
			runOnlyForDeploymentPostprocessing = 0;
		};
		6956D5D72CC03DE40040FE17 /* Sources */ = {
			isa = PBXSourcesBuildPhase;
			buildActionMask = 2147483647;
			files = (
				6956D6052CC03E150040FE17 /* fetchTests.swift in Sources */,
			);
			runOnlyForDeploymentPostprocessing = 0;
		};
/* End PBXSourcesBuildPhase section */

/* Begin PBXTargetDependency section */
		6956D5DD2CC03DE40040FE17 /* PBXTargetDependency */ = {
			isa = PBXTargetDependency;
			target = 6956D5C92CC03DE30040FE17 /* fetch */;
			targetProxy = 6956D5DC2CC03DE40040FE17 /* PBXContainerItemProxy */;
		};
/* End PBXTargetDependency section */

/* Begin XCBuildConfiguration section */
		6956D5ED2CC03DE40040FE17 /* Debug */ = {
			isa = XCBuildConfiguration;
			buildSettings = {
				ALWAYS_SEARCH_USER_PATHS = NO;
				ASSETCATALOG_COMPILER_GENERATE_SWIFT_ASSET_SYMBOL_EXTENSIONS = YES;
				CLANG_ANALYZER_NONNULL = YES;
				CLANG_ANALYZER_NUMBER_OBJECT_CONVERSION = YES_AGGRESSIVE;
				CLANG_CXX_LANGUAGE_STANDARD = "gnu++20";
				CLANG_ENABLE_MODULES = YES;
				CLANG_ENABLE_OBJC_ARC = YES;
				CLANG_ENABLE_OBJC_WEAK = YES;
				CLANG_WARN_BLOCK_CAPTURE_AUTORELEASING = YES;
				CLANG_WARN_BOOL_CONVERSION = YES;
				CLANG_WARN_COMMA = YES;
				CLANG_WARN_CONSTANT_CONVERSION = YES;
				CLANG_WARN_DEPRECATED_OBJC_IMPLEMENTATIONS = YES;
				CLANG_WARN_DIRECT_OBJC_ISA_USAGE = YES_ERROR;
				CLANG_WARN_DOCUMENTATION_COMMENTS = YES;
				CLANG_WARN_EMPTY_BODY = YES;
				CLANG_WARN_ENUM_CONVERSION = YES;
				CLANG_WARN_INFINITE_RECURSION = YES;
				CLANG_WARN_INT_CONVERSION = YES;
				CLANG_WARN_NON_LITERAL_NULL_CONVERSION = YES;
				CLANG_WARN_OBJC_IMPLICIT_RETAIN_SELF = YES;
				CLANG_WARN_OBJC_LITERAL_CONVERSION = YES;
				CLANG_WARN_OBJC_ROOT_CLASS = YES_ERROR;
				CLANG_WARN_QUOTED_INCLUDE_IN_FRAMEWORK_HEADER = YES;
				CLANG_WARN_RANGE_LOOP_ANALYSIS = YES;
				CLANG_WARN_STRICT_PROTOTYPES = YES;
				CLANG_WARN_SUSPICIOUS_MOVE = YES;
				CLANG_WARN_UNGUARDED_AVAILABILITY = YES_AGGRESSIVE;
				CLANG_WARN_UNREACHABLE_CODE = YES;
				CLANG_WARN__DUPLICATE_METHOD_MATCH = YES;
				COPY_PHASE_STRIP = NO;
				DEBUG_INFORMATION_FORMAT = dwarf;
				ENABLE_STRICT_OBJC_MSGSEND = YES;
				ENABLE_TESTABILITY = YES;
				ENABLE_USER_SCRIPT_SANDBOXING = YES;
				GCC_C_LANGUAGE_STANDARD = gnu17;
				GCC_DYNAMIC_NO_PIC = NO;
				GCC_NO_COMMON_BLOCKS = YES;
				GCC_OPTIMIZATION_LEVEL = 0;
				GCC_PREPROCESSOR_DEFINITIONS = (
					"DEBUG=1",
					"$(inherited)",
				);
				GCC_WARN_64_TO_32_BIT_CONVERSION = YES;
				GCC_WARN_ABOUT_RETURN_TYPE = YES_ERROR;
				GCC_WARN_UNDECLARED_SELECTOR = YES;
				GCC_WARN_UNINITIALIZED_AUTOS = YES_AGGRESSIVE;
				GCC_WARN_UNUSED_FUNCTION = YES;
				GCC_WARN_UNUSED_VARIABLE = YES;
				LOCALIZATION_PREFERS_STRING_CATALOGS = YES;
				MTL_ENABLE_DEBUG_INFO = INCLUDE_SOURCE;
				MTL_FAST_MATH = YES;
				ONLY_ACTIVE_ARCH = YES;
				SWIFT_ACTIVE_COMPILATION_CONDITIONS = "DEBUG $(inherited)";
				SWIFT_OPTIMIZATION_LEVEL = "-Onone";
			};
			name = Debug;
		};
		6956D5EE2CC03DE40040FE17 /* Release */ = {
			isa = XCBuildConfiguration;
			buildSettings = {
				ALWAYS_SEARCH_USER_PATHS = NO;
				ASSETCATALOG_COMPILER_GENERATE_SWIFT_ASSET_SYMBOL_EXTENSIONS = YES;
				CLANG_ANALYZER_NONNULL = YES;
				CLANG_ANALYZER_NUMBER_OBJECT_CONVERSION = YES_AGGRESSIVE;
				CLANG_CXX_LANGUAGE_STANDARD = "gnu++20";
				CLANG_ENABLE_MODULES = YES;
				CLANG_ENABLE_OBJC_ARC = YES;
				CLANG_ENABLE_OBJC_WEAK = YES;
				CLANG_WARN_BLOCK_CAPTURE_AUTORELEASING = YES;
				CLANG_WARN_BOOL_CONVERSION = YES;
				CLANG_WARN_COMMA = YES;
				CLANG_WARN_CONSTANT_CONVERSION = YES;
				CLANG_WARN_DEPRECATED_OBJC_IMPLEMENTATIONS = YES;
				CLANG_WARN_DIRECT_OBJC_ISA_USAGE = YES_ERROR;
				CLANG_WARN_DOCUMENTATION_COMMENTS = YES;
				CLANG_WARN_EMPTY_BODY = YES;
				CLANG_WARN_ENUM_CONVERSION = YES;
				CLANG_WARN_INFINITE_RECURSION = YES;
				CLANG_WARN_INT_CONVERSION = YES;
				CLANG_WARN_NON_LITERAL_NULL_CONVERSION = YES;
				CLANG_WARN_OBJC_IMPLICIT_RETAIN_SELF = YES;
				CLANG_WARN_OBJC_LITERAL_CONVERSION = YES;
				CLANG_WARN_OBJC_ROOT_CLASS = YES_ERROR;
				CLANG_WARN_QUOTED_INCLUDE_IN_FRAMEWORK_HEADER = YES;
				CLANG_WARN_RANGE_LOOP_ANALYSIS = YES;
				CLANG_WARN_STRICT_PROTOTYPES = YES;
				CLANG_WARN_SUSPICIOUS_MOVE = YES;
				CLANG_WARN_UNGUARDED_AVAILABILITY = YES_AGGRESSIVE;
				CLANG_WARN_UNREACHABLE_CODE = YES;
				CLANG_WARN__DUPLICATE_METHOD_MATCH = YES;
				COPY_PHASE_STRIP = NO;
				DEBUG_INFORMATION_FORMAT = "dwarf-with-dsym";
				ENABLE_NS_ASSERTIONS = NO;
				ENABLE_STRICT_OBJC_MSGSEND = YES;
				ENABLE_USER_SCRIPT_SANDBOXING = YES;
				GCC_C_LANGUAGE_STANDARD = gnu17;
				GCC_NO_COMMON_BLOCKS = YES;
				GCC_WARN_64_TO_32_BIT_CONVERSION = YES;
				GCC_WARN_ABOUT_RETURN_TYPE = YES_ERROR;
				GCC_WARN_UNDECLARED_SELECTOR = YES;
				GCC_WARN_UNINITIALIZED_AUTOS = YES_AGGRESSIVE;
				GCC_WARN_UNUSED_FUNCTION = YES;
				GCC_WARN_UNUSED_VARIABLE = YES;
				LOCALIZATION_PREFERS_STRING_CATALOGS = YES;
				MTL_ENABLE_DEBUG_INFO = NO;
				MTL_FAST_MATH = YES;
				SWIFT_COMPILATION_MODE = wholemodule;
			};
			name = Release;
		};
		6956D5F02CC03DE40040FE17 /* Debug */ = {
			isa = XCBuildConfiguration;
			buildSettings = {
				ASSETCATALOG_COMPILER_APPICON_NAME = AppIcon;
				ASSETCATALOG_COMPILER_GLOBAL_ACCENT_COLOR_NAME = AccentColor;
				CODE_SIGN_ENTITLEMENTS = fetch/fetch.entitlements;
				CODE_SIGN_STYLE = Automatic;
				CURRENT_PROJECT_VERSION = 1;
				DEVELOPMENT_ASSET_PATHS = "\"fetch/Preview Content\"";
				ENABLE_PREVIEWS = YES;
				GENERATE_INFOPLIST_FILE = YES;
				"INFOPLIST_KEY_UIApplicationSceneManifest_Generation[sdk=iphoneos*]" = YES;
				"INFOPLIST_KEY_UIApplicationSceneManifest_Generation[sdk=iphonesimulator*]" = YES;
				"INFOPLIST_KEY_UIApplicationSupportsIndirectInputEvents[sdk=iphoneos*]" = YES;
				"INFOPLIST_KEY_UIApplicationSupportsIndirectInputEvents[sdk=iphonesimulator*]" = YES;
				"INFOPLIST_KEY_UILaunchScreen_Generation[sdk=iphoneos*]" = YES;
				"INFOPLIST_KEY_UILaunchScreen_Generation[sdk=iphonesimulator*]" = YES;
				"INFOPLIST_KEY_UIStatusBarStyle[sdk=iphoneos*]" = UIStatusBarStyleDefault;
				"INFOPLIST_KEY_UIStatusBarStyle[sdk=iphonesimulator*]" = UIStatusBarStyleDefault;
				INFOPLIST_KEY_UISupportedInterfaceOrientations_iPad = "UIInterfaceOrientationPortrait UIInterfaceOrientationPortraitUpsideDown UIInterfaceOrientationLandscapeLeft UIInterfaceOrientationLandscapeRight";
				INFOPLIST_KEY_UISupportedInterfaceOrientations_iPhone = "UIInterfaceOrientationPortrait UIInterfaceOrientationLandscapeLeft UIInterfaceOrientationLandscapeRight";
				IPHONEOS_DEPLOYMENT_TARGET = 18.0;
				LD_RUNPATH_SEARCH_PATHS = "@executable_path/Frameworks";
				"LD_RUNPATH_SEARCH_PATHS[sdk=macosx*]" = "@executable_path/../Frameworks";
				MACOSX_DEPLOYMENT_TARGET = 15.0;
				MARKETING_VERSION = 1.0;
				PRODUCT_BUNDLE_IDENTIFIER = com.fetchrewards.fetch;
				PRODUCT_NAME = "$(TARGET_NAME)";
				SDKROOT = auto;
				SUPPORTED_PLATFORMS = "iphoneos iphonesimulator macosx xros xrsimulator";
				SWIFT_EMIT_LOC_STRINGS = YES;
				SWIFT_VERSION = 5.0;
				TARGETED_DEVICE_FAMILY = "1,2,7";
				XROS_DEPLOYMENT_TARGET = 2.0;
			};
			name = Debug;
		};
		6956D5F12CC03DE40040FE17 /* Release */ = {
			isa = XCBuildConfiguration;
			buildSettings = {
				ASSETCATALOG_COMPILER_APPICON_NAME = AppIcon;
				ASSETCATALOG_COMPILER_GLOBAL_ACCENT_COLOR_NAME = AccentColor;
				CODE_SIGN_ENTITLEMENTS = fetch/fetch.entitlements;
				CODE_SIGN_STYLE = Automatic;
				CURRENT_PROJECT_VERSION = 1;
				DEVELOPMENT_ASSET_PATHS = "\"fetch/Preview Content\"";
				ENABLE_PREVIEWS = YES;
				GENERATE_INFOPLIST_FILE = YES;
				"INFOPLIST_KEY_UIApplicationSceneManifest_Generation[sdk=iphoneos*]" = YES;
				"INFOPLIST_KEY_UIApplicationSceneManifest_Generation[sdk=iphonesimulator*]" = YES;
				"INFOPLIST_KEY_UIApplicationSupportsIndirectInputEvents[sdk=iphoneos*]" = YES;
				"INFOPLIST_KEY_UIApplicationSupportsIndirectInputEvents[sdk=iphonesimulator*]" = YES;
				"INFOPLIST_KEY_UILaunchScreen_Generation[sdk=iphoneos*]" = YES;
				"INFOPLIST_KEY_UILaunchScreen_Generation[sdk=iphonesimulator*]" = YES;
				"INFOPLIST_KEY_UIStatusBarStyle[sdk=iphoneos*]" = UIStatusBarStyleDefault;
				"INFOPLIST_KEY_UIStatusBarStyle[sdk=iphonesimulator*]" = UIStatusBarStyleDefault;
				INFOPLIST_KEY_UISupportedInterfaceOrientations_iPad = "UIInterfaceOrientationPortrait UIInterfaceOrientationPortraitUpsideDown UIInterfaceOrientationLandscapeLeft UIInterfaceOrientationLandscapeRight";
				INFOPLIST_KEY_UISupportedInterfaceOrientations_iPhone = "UIInterfaceOrientationPortrait UIInterfaceOrientationLandscapeLeft UIInterfaceOrientationLandscapeRight";
				IPHONEOS_DEPLOYMENT_TARGET = 18.0;
				LD_RUNPATH_SEARCH_PATHS = "@executable_path/Frameworks";
				"LD_RUNPATH_SEARCH_PATHS[sdk=macosx*]" = "@executable_path/../Frameworks";
				MACOSX_DEPLOYMENT_TARGET = 15.0;
				MARKETING_VERSION = 1.0;
				PRODUCT_BUNDLE_IDENTIFIER = com.fetchrewards.fetch;
				PRODUCT_NAME = "$(TARGET_NAME)";
				SDKROOT = auto;
				SUPPORTED_PLATFORMS = "iphoneos iphonesimulator macosx xros xrsimulator";
				SWIFT_EMIT_LOC_STRINGS = YES;
				SWIFT_VERSION = 5.0;
				TARGETED_DEVICE_FAMILY = "1,2,7";
				XROS_DEPLOYMENT_TARGET = 2.0;
			};
			name = Release;
		};
		6956D5F32CC03DE40040FE17 /* Debug */ = {
			isa = XCBuildConfiguration;
			buildSettings = {
				BUNDLE_LOADER = "$(TEST_HOST)";
				CODE_SIGN_STYLE = Automatic;
				CURRENT_PROJECT_VERSION = 1;
				GENERATE_INFOPLIST_FILE = YES;
				IPHONEOS_DEPLOYMENT_TARGET = 18.0;
				MACOSX_DEPLOYMENT_TARGET = 15.0;
				MARKETING_VERSION = 1.0;
				PRODUCT_BUNDLE_IDENTIFIER = com.fetchrewards.fetchTests;
				PRODUCT_NAME = "$(TARGET_NAME)";
				SDKROOT = auto;
				SUPPORTED_PLATFORMS = "iphoneos iphonesimulator macosx xros xrsimulator";
				SWIFT_EMIT_LOC_STRINGS = NO;
				SWIFT_VERSION = 5.0;
				TARGETED_DEVICE_FAMILY = "1,2,7";
				TEST_HOST = "$(BUILT_PRODUCTS_DIR)/fetch.app/$(BUNDLE_EXECUTABLE_FOLDER_PATH)/fetch";
				XROS_DEPLOYMENT_TARGET = 2.0;
			};
			name = Debug;
		};
		6956D5F42CC03DE40040FE17 /* Release */ = {
			isa = XCBuildConfiguration;
			buildSettings = {
				BUNDLE_LOADER = "$(TEST_HOST)";
				CODE_SIGN_STYLE = Automatic;
				CURRENT_PROJECT_VERSION = 1;
				GENERATE_INFOPLIST_FILE = YES;
				IPHONEOS_DEPLOYMENT_TARGET = 18.0;
				MACOSX_DEPLOYMENT_TARGET = 15.0;
				MARKETING_VERSION = 1.0;
				PRODUCT_BUNDLE_IDENTIFIER = com.fetchrewards.fetchTests;
				PRODUCT_NAME = "$(TARGET_NAME)";
				SDKROOT = auto;
				SUPPORTED_PLATFORMS = "iphoneos iphonesimulator macosx xros xrsimulator";
				SWIFT_EMIT_LOC_STRINGS = NO;
				SWIFT_VERSION = 5.0;
				TARGETED_DEVICE_FAMILY = "1,2,7";
				TEST_HOST = "$(BUILT_PRODUCTS_DIR)/fetch.app/$(BUNDLE_EXECUTABLE_FOLDER_PATH)/fetch";
				XROS_DEPLOYMENT_TARGET = 2.0;
			};
			name = Release;
		};
/* End XCBuildConfiguration section */

/* Begin XCConfigurationList section */
		6956D5C52CC03DE30040FE17 /* Build configuration list for PBXProject "fetch" */ = {
			isa = XCConfigurationList;
			buildConfigurations = (
				6956D5ED2CC03DE40040FE17 /* Debug */,
				6956D5EE2CC03DE40040FE17 /* Release */,
			);
			defaultConfigurationIsVisible = 0;
			defaultConfigurationName = Release;
		};
		6956D5EF2CC03DE40040FE17 /* Build configuration list for PBXNativeTarget "fetch" */ = {
			isa = XCConfigurationList;
			buildConfigurations = (
				6956D5F02CC03DE40040FE17 /* Debug */,
				6956D5F12CC03DE40040FE17 /* Release */,
			);
			defaultConfigurationIsVisible = 0;
			defaultConfigurationName = Release;
		};
		6956D5F22CC03DE40040FE17 /* Build configuration list for PBXNativeTarget "fetchTests" */ = {
			isa = XCConfigurationList;
			buildConfigurations = (
				6956D5F32CC03DE40040FE17 /* Debug */,
				6956D5F42CC03DE40040FE17 /* Release */,
			);
			defaultConfigurationIsVisible = 0;
			defaultConfigurationName = Release;
		};
/* End XCConfigurationList section */
	};
	rootObject = 6956D5C22CC03DE30040FE17 /* Project object */;
}
